<?xml version="1.0" encoding="utf-8"?>
<Project ToolsVersion="4.0" xmlns="http://schemas.microsoft.com/developer/msbuild/2003">
  <ItemGroup>
    <ClCompile Include="..\..\src\precompiled.c">
      <Filter>_precompiled</Filter>
    </ClCompile>
    <ClCompile Include="..\..\src\main.c">
      <Filter>programs</Filter>
    </ClCompile>
    <ClCompile Include="..\..\src\boolean.c">
      <Filter>base</Filter>
    </ClCompile>
    <ClCompile Include="..\..\src\empty_persistent_list.c">
      <Filter>base</Filter>
    </ClCompile>
    <ClCompile Include="..\..\src\float.c">
      <Filter>base</Filter>
    </ClCompile>
    <ClCompile Include="..\..\src\mem.c">
      <Filter>base</Filter>
    </ClCompile>
    <ClCompile Include="..\..\src\murmur3.c">
      <Filter>base</Filter>
    </ClCompile>
    <ClCompile Include="..\..\src\persistent_hash.c">
      <Filter>base</Filter>
    </ClCompile>
    <ClCompile Include="..\..\src\persistent_list.c">
      <Filter>base</Filter>
    </ClCompile>
    <ClCompile Include="..\..\src\string.c">
      <Filter>base</Filter>
    </ClCompile>
  </ItemGroup>
  <ItemGroup>
    <ClInclude Include="..\..\src\precompiled.h">
      <Filter>_precompiled</Filter>
    </ClInclude>
    <ClInclude Include="..\..\src\data_structures.h">
      <Filter>base</Filter>
    </ClInclude>
    <ClInclude Include="..\..\src\mem.h">
      <Filter>base</Filter>
    </ClInclude>
    <ClInclude Include="..\..\src\murmur3.h">
      <Filter>base</Filter>
    </ClInclude>
  </ItemGroup>
  <ItemGroup>
    <Filter Include="_precompiled">
      <UniqueIdentifier>{0aef7c53-13b5-490a-918f-a09cbf5e125a}</UniqueIdentifier>
    </Filter>
    <Filter Include="base">
      <UniqueIdentifier>{005aa111-117e-42d5-af1c-30cd5bcb8210}</UniqueIdentifier>
    </Filter>
    <Filter Include="programs">
      <UniqueIdentifier>{d9576d2b-1c03-4e11-aca8-c35e81c370d8}</UniqueIdentifier>
    </Filter>
  </ItemGroup>
</Project>